
Microsoft Visual Studio Solution File, Format Version 12.00
# Visual Studio 15
VisualStudioVersion = 15.0.27004.2002
MinimumVisualStudioVersion = 10.0.40219.1
Project("{FAE04EC0-301F-11D3-BF4B-00C04F79EFBC}") = "Esfa.Vacancy.Register.Infrastructure", "Esfa.Vacancy.Register.Infrastructure\Esfa.Vacancy.Register.Infrastructure.csproj", "{3AAE3727-FB7E-4F2A-854C-E95BAC1FAE1A}"
EndProject
Project("{2150E333-8FDC-42A3-9474-1A3956D46DE8}") = "Solution Items", "Solution Items", "{A5CF3CE7-7446-441B-A5AE-72AD4CF2E98C}"
EndProject
Project("{FAE04EC0-301F-11D3-BF4B-00C04F79EFBC}") = "Esfa.Vacancy.Register.UnitTests", "Esfa.Vacancy.Register.UnitTests\Esfa.Vacancy.Register.UnitTests.csproj", "{56AA0C40-2D0A-43C7-A3CE-5E4B3AC101A2}"
EndProject
Project("{FAE04EC0-301F-11D3-BF4B-00C04F79EFBC}") = "Esfa.Vacancy.Api.Types", "Esfa.Vacancy.Api.Types\Esfa.Vacancy.Api.Types.csproj", "{3CADF1D0-BD14-4A5C-AFAD-FC78A31C09E7}"
EndProject
Project("{FAE04EC0-301F-11D3-BF4B-00C04F79EFBC}") = "Esfa.Vacancy.Register.Api", "Esfa.Vacancy.Register.Api\Esfa.Vacancy.Register.Api.csproj", "{496B0F28-936C-4FBE-BB63-B848B5569F65}"
EndProject
Project("{FAE04EC0-301F-11D3-BF4B-00C04F79EFBC}") = "Esfa.Vacancy.Register.Application", "Esfa.Vacancy.Register.Application\Esfa.Vacancy.Register.Application.csproj", "{14E462C1-30DD-49FD-A265-2B16542A26CF}"
EndProject
Project("{FAE04EC0-301F-11D3-BF4B-00C04F79EFBC}") = "Esfa.Vacancy.Register.Domain", "Esfa.Vacancy.Register.Domain\Esfa.Vacancy.Register.Domain.csproj", "{74F5F03C-3E85-44B3-B862-C070C2B6E824}"
EndProject
Project("{151D2E53-A2C4-4D7D-83FE-D05416EBD58E}") = "Esfa.Vacancy.Register.Azure.Resources", "Esfa.Vacancy.Register.Azure.Resources\Esfa.Vacancy.Register.Azure.Resources.deployproj", "{637B4878-A4D7-4174-8376-947E5331F6E1}"
EndProject
Global
	GlobalSection(SolutionConfigurationPlatforms) = preSolution
		Debug|Any CPU = Debug|Any CPU
		Release|Any CPU = Release|Any CPU
	EndGlobalSection
	GlobalSection(ProjectConfigurationPlatforms) = postSolution
		{3AAE3727-FB7E-4F2A-854C-E95BAC1FAE1A}.Debug|Any CPU.ActiveCfg = Debug|Any CPU
		{3AAE3727-FB7E-4F2A-854C-E95BAC1FAE1A}.Debug|Any CPU.Build.0 = Debug|Any CPU
		{3AAE3727-FB7E-4F2A-854C-E95BAC1FAE1A}.Release|Any CPU.ActiveCfg = Release|Any CPU
		{3AAE3727-FB7E-4F2A-854C-E95BAC1FAE1A}.Release|Any CPU.Build.0 = Release|Any CPU
		{56AA0C40-2D0A-43C7-A3CE-5E4B3AC101A2}.Debug|Any CPU.ActiveCfg = Debug|Any CPU
		{56AA0C40-2D0A-43C7-A3CE-5E4B3AC101A2}.Debug|Any CPU.Build.0 = Debug|Any CPU
		{56AA0C40-2D0A-43C7-A3CE-5E4B3AC101A2}.Release|Any CPU.ActiveCfg = Release|Any CPU
		{56AA0C40-2D0A-43C7-A3CE-5E4B3AC101A2}.Release|Any CPU.Build.0 = Release|Any CPU
		{3CADF1D0-BD14-4A5C-AFAD-FC78A31C09E7}.Debug|Any CPU.ActiveCfg = Debug|Any CPU
		{3CADF1D0-BD14-4A5C-AFAD-FC78A31C09E7}.Debug|Any CPU.Build.0 = Debug|Any CPU
		{3CADF1D0-BD14-4A5C-AFAD-FC78A31C09E7}.Release|Any CPU.ActiveCfg = Release|Any CPU
		{3CADF1D0-BD14-4A5C-AFAD-FC78A31C09E7}.Release|Any CPU.Build.0 = Release|Any CPU
		{496B0F28-936C-4FBE-BB63-B848B5569F65}.Debug|Any CPU.ActiveCfg = Debug|Any CPU
		{496B0F28-936C-4FBE-BB63-B848B5569F65}.Debug|Any CPU.Build.0 = Debug|Any CPU
		{496B0F28-936C-4FBE-BB63-B848B5569F65}.Release|Any CPU.ActiveCfg = Release|Any CPU
		{496B0F28-936C-4FBE-BB63-B848B5569F65}.Release|Any CPU.Build.0 = Release|Any CPU
		{14E462C1-30DD-49FD-A265-2B16542A26CF}.Debug|Any CPU.ActiveCfg = Debug|Any CPU
		{14E462C1-30DD-49FD-A265-2B16542A26CF}.Debug|Any CPU.Build.0 = Debug|Any CPU
		{14E462C1-30DD-49FD-A265-2B16542A26CF}.Release|Any CPU.ActiveCfg = Release|Any CPU
		{14E462C1-30DD-49FD-A265-2B16542A26CF}.Release|Any CPU.Build.0 = Release|Any CPU
		{74F5F03C-3E85-44B3-B862-C070C2B6E824}.Debug|Any CPU.ActiveCfg = Debug|Any CPU
		{74F5F03C-3E85-44B3-B862-C070C2B6E824}.Debug|Any CPU.Build.0 = Debug|Any CPU
		{74F5F03C-3E85-44B3-B862-C070C2B6E824}.Release|Any CPU.ActiveCfg = Release|Any CPU
		{74F5F03C-3E85-44B3-B862-C070C2B6E824}.Release|Any CPU.Build.0 = Release|Any CPU
		{637B4878-A4D7-4174-8376-947E5331F6E1}.Debug|Any CPU.ActiveCfg = Debug|Any CPU
		{637B4878-A4D7-4174-8376-947E5331F6E1}.Debug|Any CPU.Build.0 = Debug|Any CPU
		{637B4878-A4D7-4174-8376-947E5331F6E1}.Release|Any CPU.ActiveCfg = Release|Any CPU
		{637B4878-A4D7-4174-8376-947E5331F6E1}.Release|Any CPU.Build.0 = Release|Any CPU
	EndGlobalSection
	GlobalSection(SolutionProperties) = preSolution
		HideSolutionNode = FALSE
	EndGlobalSection
	GlobalSection(ExtensibilityGlobals) = postSolution
		SolutionGuid = {2D1C72A0-1954-44F4-9812-86940D8C83BA}
	EndGlobalSection
EndGlobal
