
Microsoft Visual Studio Solution File, Format Version 12.00
# Visual Studio 14
VisualStudioVersion = 14.0.25420.1
MinimumVisualStudioVersion = 10.0.40219.1
Project("{FAE04EC0-301F-11D3-BF4B-00C04F79EFBC}") = "Esfa.Vacancy.Register.Infrastructure", "Esfa.Vacancy.Register.Infrastructure\Esfa.Vacancy.Register.Infrastructure.csproj", "{3AAE3727-FB7E-4F2A-854C-E95BAC1FAE1A}"
EndProject
Project("{2150E333-8FDC-42A3-9474-1A3956D46DE8}") = "Solution Items", "Solution Items", "{A5CF3CE7-7446-441B-A5AE-72AD4CF2E98C}"
EndProject
Project("{FAE04EC0-301F-11D3-BF4B-00C04F79EFBC}") = "Esfa.Vacancy.Register.Web", "Esfa.Vacancy.Register.Web\Esfa.Vacancy.Register.Web.csproj", "{496B0F28-936C-4FBE-BB63-B848B5569F65}"
EndProject
Project("{FAE04EC0-301F-11D3-BF4B-00C04F79EFBC}") = "Esfa.Vacancy.Register.UnitTests", "Esfa.Vacancy.Register.UnitTests\Esfa.Vacancy.Register.UnitTests.csproj", "{56AA0C40-2D0A-43C7-A3CE-5E4B3AC101A2}"
EndProject
Project("{FAE04EC0-301F-11D3-BF4B-00C04F79EFBC}") = "Esfa.Vacancy.Api.Types", "Esfa.Vacancy.Api.Types\Esfa.Vacancy.Api.Types.csproj", "{3CADF1D0-BD14-4A5C-AFAD-FC78A31C09E7}"
EndProject
Global
	GlobalSection(SolutionConfigurationPlatforms) = preSolution
		Debug|Any CPU = Debug|Any CPU
		Release|Any CPU = Release|Any CPU
	EndGlobalSection
	GlobalSection(ProjectConfigurationPlatforms) = postSolution
		{3AAE3727-FB7E-4F2A-854C-E95BAC1FAE1A}.Debug|Any CPU.ActiveCfg = Debug|Any CPU
		{3AAE3727-FB7E-4F2A-854C-E95BAC1FAE1A}.Debug|Any CPU.Build.0 = Debug|Any CPU
		{3AAE3727-FB7E-4F2A-854C-E95BAC1FAE1A}.Release|Any CPU.ActiveCfg = Release|Any CPU
		{3AAE3727-FB7E-4F2A-854C-E95BAC1FAE1A}.Release|Any CPU.Build.0 = Release|Any CPU
		{496B0F28-936C-4FBE-BB63-B848B5569F65}.Debug|Any CPU.ActiveCfg = Debug|Any CPU
		{496B0F28-936C-4FBE-BB63-B848B5569F65}.Debug|Any CPU.Build.0 = Debug|Any CPU
		{496B0F28-936C-4FBE-BB63-B848B5569F65}.Release|Any CPU.ActiveCfg = Release|Any CPU
		{496B0F28-936C-4FBE-BB63-B848B5569F65}.Release|Any CPU.Build.0 = Release|Any CPU
		{56AA0C40-2D0A-43C7-A3CE-5E4B3AC101A2}.Debug|Any CPU.ActiveCfg = Debug|Any CPU
		{56AA0C40-2D0A-43C7-A3CE-5E4B3AC101A2}.Debug|Any CPU.Build.0 = Debug|Any CPU
		{56AA0C40-2D0A-43C7-A3CE-5E4B3AC101A2}.Release|Any CPU.ActiveCfg = Release|Any CPU
		{56AA0C40-2D0A-43C7-A3CE-5E4B3AC101A2}.Release|Any CPU.Build.0 = Release|Any CPU
		{3CADF1D0-BD14-4A5C-AFAD-FC78A31C09E7}.Debug|Any CPU.ActiveCfg = Debug|Any CPU
		{3CADF1D0-BD14-4A5C-AFAD-FC78A31C09E7}.Debug|Any CPU.Build.0 = Debug|Any CPU
		{3CADF1D0-BD14-4A5C-AFAD-FC78A31C09E7}.Release|Any CPU.ActiveCfg = Release|Any CPU
		{3CADF1D0-BD14-4A5C-AFAD-FC78A31C09E7}.Release|Any CPU.Build.0 = Release|Any CPU
	EndGlobalSection
	GlobalSection(SolutionProperties) = preSolution
		HideSolutionNode = FALSE
	EndGlobalSection
EndGlobal
